{
    "hash": "90b0f8ea6c8372e442e1ec64cebb1c61",
    "packages": [
        {
            "package": "mikey179/vfsStream",
            "version": "1.0.0-beta2"
        },
        {
            "package": "stubbles/core",
            "version": "2.0.0-beta7"
        },
        {
            "package": "stubbles/scripts",
            "version": "1.0.0-beta7"
        }
    ],
    "packages-dev": null,
    "aliases": []
}
