{
    "hash": "89b55833a7aa66228892873726ae9c4e",
    "packages": [
        {
            "package": "mikey179/vfsStream",
            "version": "1.0.0-beta2"
        },
        {
            "package": "stubbles/core",
            "version": "2.0.0-beta7"
        },
        {
            "package": "stubbles/scripts",
            "version": "1.0.0-beta7"
        }
    ],
    "aliases": []
}
