{
    "hash": "353d6518fe5f8ced4b044b055b81c779",
    "packages": [
        {
            "package": "stubbles/core",
            "version": "v2.1.0"
        }
    ],
    "packages-dev": [
        {
            "package": "mikey179/vfsStream",
            "version": "v1.0.0"
        }
    ],
    "aliases": [

    ],
    "minimum-stability": "stable",
    "stability-flags": [

    ]
}
